
Microsoft Visual Studio Solution File, Format Version 12.00
# Visual Studio Version 16
VisualStudioVersion = 16.0.29609.76
MinimumVisualStudioVersion = 10.0.40219.1
Project("{FAE04EC0-301F-11D3-BF4B-00C04F79EFBC}") = "AlumniMessaging.Android", "AlumniMessaging\AlumniMessaging.Android\AlumniMessaging.Android.csproj", "{6AEE4878-6650-4F80-B3BC-3CAADD3E8EFB}"
EndProject
Project("{FAE04EC0-301F-11D3-BF4B-00C04F79EFBC}") = "AlumniMessaging.iOS", "AlumniMessaging\AlumniMessaging.iOS\AlumniMessaging.iOS.csproj", "{2A5694D9-7B0B-4688-BA43-BB71D1AE2176}"
EndProject
Project("{9A19103F-16F7-4668-BE54-9A1E7A4F7556}") = "AlumniMessaging", "AlumniMessaging\AlumniMessaging\AlumniMessaging.csproj", "{9BCF3731-87A5-42D5-9DBB-BB497097B942}"
EndProject
Project("{FAE04EC0-301F-11D3-BF4B-00C04F79EFBC}") = "AlumniMessaging.Tests", "AlumniMessaging.Tests\AlumniMessaging.Tests.csproj", "{41F3A6AA-0DA5-4117-8828-8B4DE09B633F}"
EndProject
Global
	GlobalSection(SolutionConfigurationPlatforms) = preSolution
		Debug|Any CPU = Debug|Any CPU
		Debug|iPhone = Debug|iPhone
		Debug|iPhoneSimulator = Debug|iPhoneSimulator
		Release|Any CPU = Release|Any CPU
		Release|iPhone = Release|iPhone
		Release|iPhoneSimulator = Release|iPhoneSimulator
	EndGlobalSection
	GlobalSection(ProjectConfigurationPlatforms) = postSolution
		{6AEE4878-6650-4F80-B3BC-3CAADD3E8EFB}.Debug|Any CPU.ActiveCfg = Debug|Any CPU
		{6AEE4878-6650-4F80-B3BC-3CAADD3E8EFB}.Debug|Any CPU.Build.0 = Debug|Any CPU
		{6AEE4878-6650-4F80-B3BC-3CAADD3E8EFB}.Debug|Any CPU.Deploy.0 = Debug|Any CPU
		{6AEE4878-6650-4F80-B3BC-3CAADD3E8EFB}.Debug|iPhone.ActiveCfg = Debug|Any CPU
		{6AEE4878-6650-4F80-B3BC-3CAADD3E8EFB}.Debug|iPhone.Build.0 = Debug|Any CPU
		{6AEE4878-6650-4F80-B3BC-3CAADD3E8EFB}.Debug|iPhone.Deploy.0 = Debug|Any CPU
		{6AEE4878-6650-4F80-B3BC-3CAADD3E8EFB}.Debug|iPhoneSimulator.ActiveCfg = Debug|Any CPU
		{6AEE4878-6650-4F80-B3BC-3CAADD3E8EFB}.Debug|iPhoneSimulator.Build.0 = Debug|Any CPU
		{6AEE4878-6650-4F80-B3BC-3CAADD3E8EFB}.Debug|iPhoneSimulator.Deploy.0 = Debug|Any CPU
		{6AEE4878-6650-4F80-B3BC-3CAADD3E8EFB}.Release|Any CPU.ActiveCfg = Release|Any CPU
		{6AEE4878-6650-4F80-B3BC-3CAADD3E8EFB}.Release|Any CPU.Build.0 = Release|Any CPU
		{6AEE4878-6650-4F80-B3BC-3CAADD3E8EFB}.Release|Any CPU.Deploy.0 = Release|Any CPU
		{6AEE4878-6650-4F80-B3BC-3CAADD3E8EFB}.Release|iPhone.ActiveCfg = Release|Any CPU
		{6AEE4878-6650-4F80-B3BC-3CAADD3E8EFB}.Release|iPhone.Build.0 = Release|Any CPU
		{6AEE4878-6650-4F80-B3BC-3CAADD3E8EFB}.Release|iPhone.Deploy.0 = Release|Any CPU
		{6AEE4878-6650-4F80-B3BC-3CAADD3E8EFB}.Release|iPhoneSimulator.ActiveCfg = Release|Any CPU
		{6AEE4878-6650-4F80-B3BC-3CAADD3E8EFB}.Release|iPhoneSimulator.Build.0 = Release|Any CPU
		{6AEE4878-6650-4F80-B3BC-3CAADD3E8EFB}.Release|iPhoneSimulator.Deploy.0 = Release|Any CPU
		{2A5694D9-7B0B-4688-BA43-BB71D1AE2176}.Debug|Any CPU.ActiveCfg = Debug|iPhoneSimulator
		{2A5694D9-7B0B-4688-BA43-BB71D1AE2176}.Debug|Any CPU.Build.0 = Debug|iPhoneSimulator
		{2A5694D9-7B0B-4688-BA43-BB71D1AE2176}.Debug|Any CPU.Deploy.0 = Debug|iPhoneSimulator
		{2A5694D9-7B0B-4688-BA43-BB71D1AE2176}.Debug|iPhone.ActiveCfg = Debug|iPhone
		{2A5694D9-7B0B-4688-BA43-BB71D1AE2176}.Debug|iPhone.Build.0 = Debug|iPhone
		{2A5694D9-7B0B-4688-BA43-BB71D1AE2176}.Debug|iPhone.Deploy.0 = Debug|iPhone
		{2A5694D9-7B0B-4688-BA43-BB71D1AE2176}.Debug|iPhoneSimulator.ActiveCfg = Debug|iPhoneSimulator
		{2A5694D9-7B0B-4688-BA43-BB71D1AE2176}.Debug|iPhoneSimulator.Build.0 = Debug|iPhoneSimulator
		{2A5694D9-7B0B-4688-BA43-BB71D1AE2176}.Debug|iPhoneSimulator.Deploy.0 = Debug|iPhoneSimulator
		{2A5694D9-7B0B-4688-BA43-BB71D1AE2176}.Release|Any CPU.ActiveCfg = Release|iPhone
		{2A5694D9-7B0B-4688-BA43-BB71D1AE2176}.Release|Any CPU.Build.0 = Release|iPhone
		{2A5694D9-7B0B-4688-BA43-BB71D1AE2176}.Release|Any CPU.Deploy.0 = Release|iPhone
		{2A5694D9-7B0B-4688-BA43-BB71D1AE2176}.Release|iPhone.ActiveCfg = Release|iPhone
		{2A5694D9-7B0B-4688-BA43-BB71D1AE2176}.Release|iPhone.Build.0 = Release|iPhone
		{2A5694D9-7B0B-4688-BA43-BB71D1AE2176}.Release|iPhone.Deploy.0 = Release|iPhone
		{2A5694D9-7B0B-4688-BA43-BB71D1AE2176}.Release|iPhoneSimulator.ActiveCfg = Release|iPhoneSimulator
		{2A5694D9-7B0B-4688-BA43-BB71D1AE2176}.Release|iPhoneSimulator.Build.0 = Release|iPhoneSimulator
		{2A5694D9-7B0B-4688-BA43-BB71D1AE2176}.Release|iPhoneSimulator.Deploy.0 = Release|iPhoneSimulator
		{9BCF3731-87A5-42D5-9DBB-BB497097B942}.Debug|Any CPU.ActiveCfg = Debug|Any CPU
		{9BCF3731-87A5-42D5-9DBB-BB497097B942}.Debug|Any CPU.Build.0 = Debug|Any CPU
		{9BCF3731-87A5-42D5-9DBB-BB497097B942}.Debug|Any CPU.Deploy.0 = Debug|Any CPU
		{9BCF3731-87A5-42D5-9DBB-BB497097B942}.Debug|iPhone.ActiveCfg = Debug|Any CPU
		{9BCF3731-87A5-42D5-9DBB-BB497097B942}.Debug|iPhone.Build.0 = Debug|Any CPU
		{9BCF3731-87A5-42D5-9DBB-BB497097B942}.Debug|iPhone.Deploy.0 = Debug|Any CPU
		{9BCF3731-87A5-42D5-9DBB-BB497097B942}.Debug|iPhoneSimulator.ActiveCfg = Debug|Any CPU
		{9BCF3731-87A5-42D5-9DBB-BB497097B942}.Debug|iPhoneSimulator.Build.0 = Debug|Any CPU
		{9BCF3731-87A5-42D5-9DBB-BB497097B942}.Debug|iPhoneSimulator.Deploy.0 = Debug|Any CPU
		{9BCF3731-87A5-42D5-9DBB-BB497097B942}.Release|Any CPU.ActiveCfg = Release|Any CPU
		{9BCF3731-87A5-42D5-9DBB-BB497097B942}.Release|Any CPU.Build.0 = Release|Any CPU
		{9BCF3731-87A5-42D5-9DBB-BB497097B942}.Release|Any CPU.Deploy.0 = Release|Any CPU
		{9BCF3731-87A5-42D5-9DBB-BB497097B942}.Release|iPhone.ActiveCfg = Release|Any CPU
		{9BCF3731-87A5-42D5-9DBB-BB497097B942}.Release|iPhone.Build.0 = Release|Any CPU
		{9BCF3731-87A5-42D5-9DBB-BB497097B942}.Release|iPhone.Deploy.0 = Release|Any CPU
		{9BCF3731-87A5-42D5-9DBB-BB497097B942}.Release|iPhoneSimulator.ActiveCfg = Release|Any CPU
		{9BCF3731-87A5-42D5-9DBB-BB497097B942}.Release|iPhoneSimulator.Build.0 = Release|Any CPU
		{9BCF3731-87A5-42D5-9DBB-BB497097B942}.Release|iPhoneSimulator.Deploy.0 = Release|Any CPU
		{41F3A6AA-0DA5-4117-8828-8B4DE09B633F}.Debug|Any CPU.ActiveCfg = Debug|Any CPU
		{41F3A6AA-0DA5-4117-8828-8B4DE09B633F}.Debug|Any CPU.Build.0 = Debug|Any CPU
		{41F3A6AA-0DA5-4117-8828-8B4DE09B633F}.Debug|iPhone.ActiveCfg = Debug|Any CPU
		{41F3A6AA-0DA5-4117-8828-8B4DE09B633F}.Debug|iPhone.Build.0 = Debug|Any CPU
		{41F3A6AA-0DA5-4117-8828-8B4DE09B633F}.Debug|iPhoneSimulator.ActiveCfg = Debug|Any CPU
		{41F3A6AA-0DA5-4117-8828-8B4DE09B633F}.Debug|iPhoneSimulator.Build.0 = Debug|Any CPU
		{41F3A6AA-0DA5-4117-8828-8B4DE09B633F}.Release|Any CPU.ActiveCfg = Release|Any CPU
		{41F3A6AA-0DA5-4117-8828-8B4DE09B633F}.Release|Any CPU.Build.0 = Release|Any CPU
		{41F3A6AA-0DA5-4117-8828-8B4DE09B633F}.Release|iPhone.ActiveCfg = Release|Any CPU
		{41F3A6AA-0DA5-4117-8828-8B4DE09B633F}.Release|iPhone.Build.0 = Release|Any CPU
		{41F3A6AA-0DA5-4117-8828-8B4DE09B633F}.Release|iPhoneSimulator.ActiveCfg = Release|Any CPU
		{41F3A6AA-0DA5-4117-8828-8B4DE09B633F}.Release|iPhoneSimulator.Build.0 = Release|Any CPU
	EndGlobalSection
	GlobalSection(SolutionProperties) = preSolution
		HideSolutionNode = FALSE
	EndGlobalSection
	GlobalSection(ExtensibilityGlobals) = postSolution
		SolutionGuid = {B47E2999-BB10-4985-B287-427C62A253C0}
	EndGlobalSection
EndGlobal
